// !$*UTF8*$!
{
	archiveVersion = 1;
	classes = {
	};
	objectVersion = 48;
	objects = {

/* Begin PBXBuildFile section */
		5A144E122043FCDC0093784A /* AppDelegate.m in Sources */ = {isa = PBXBuildFile; fileRef = 5A144E112043FCDC0093784A /* AppDelegate.m */; };
		5A144E152043FCDC0093784A /* ViewController.m in Sources */ = {isa = PBXBuildFile; fileRef = 5A144E142043FCDC0093784A /* ViewController.m */; };
		5A144E182043FCDC0093784A /* Main.storyboard in Resources */ = {isa = PBXBuildFile; fileRef = 5A144E162043FCDC0093784A /* Main.storyboard */; };
		5A144E1B2043FCDC0093784A /* MainProject.xcdatamodeld in Sources */ = {isa = PBXBuildFile; fileRef = 5A144E192043FCDC0093784A /* MainProject.xcdatamodeld */; };
		5A144E1D2043FCDC0093784A /* Assets.xcassets in Resources */ = {isa = PBXBuildFile; fileRef = 5A144E1C2043FCDC0093784A /* Assets.xcassets */; };
		5A144E202043FCDC0093784A /* LaunchScreen.storyboard in Resources */ = {isa = PBXBuildFile; fileRef = 5A144E1E2043FCDC0093784A /* LaunchScreen.storyboard */; };
		5A144E232043FCDC0093784A /* main.m in Sources */ = {isa = PBXBuildFile; fileRef = 5A144E222043FCDC0093784A /* main.m */; };
		5A144E2D2043FCDD0093784A /* MainProjectTests.m in Sources */ = {isa = PBXBuildFile; fileRef = 5A144E2C2043FCDD0093784A /* MainProjectTests.m */; };
		5A5C002B204538F900D8DC81 /* TestFram.framework in Frameworks */ = {isa = PBXBuildFile; fileRef = 5A5C002A204538F900D8DC81 /* TestFram.framework */; };
		5A5C002C204538F900D8DC81 /* TestFram.framework in Embed Frameworks */ = {isa = PBXBuildFile; fileRef = 5A5C002A204538F900D8DC81 /* TestFram.framework */; settings = {ATTRIBUTES = (CodeSignOnCopy, RemoveHeadersOnCopy, ); }; };
/* End PBXBuildFile section */

/* Begin PBXContainerItemProxy section */
		5A144E292043FCDD0093784A /* PBXContainerItemProxy */ = {
			isa = PBXContainerItemProxy;
			containerPortal = 5A144E052043FCDC0093784A /* Project object */;
			proxyType = 1;
			remoteGlobalIDString = 5A144E0C2043FCDC0093784A;
			remoteInfo = MainProject;
		};
/* End PBXContainerItemProxy section */

/* Begin PBXCopyFilesBuildPhase section */
		5A5C000220450EA500D8DC81 /* Embed Frameworks */ = {
			isa = PBXCopyFilesBuildPhase;
			buildActionMask = 2147483647;
			dstPath = "";
			dstSubfolderSpec = 10;
			files = (
				5A5C002C204538F900D8DC81 /* TestFram.framework in Embed Frameworks */,
			);
			name = "Embed Frameworks";
			runOnlyForDeploymentPostprocessing = 0;
		};
/* End PBXCopyFilesBuildPhase section */

/* Begin PBXFileReference section */
		5A144E0D2043FCDC0093784A /* MainProject.app */ = {isa = PBXFileReference; explicitFileType = wrapper.application; includeInIndex = 0; path = MainProject.app; sourceTree = BUILT_PRODUCTS_DIR; };
		5A144E102043FCDC0093784A /* AppDelegate.h */ = {isa = PBXFileReference; lastKnownFileType = sourcecode.c.h; path = AppDelegate.h; sourceTree = "<group>"; };
		5A144E112043FCDC0093784A /* AppDelegate.m */ = {isa = PBXFileReference; lastKnownFileType = sourcecode.c.objc; path = AppDelegate.m; sourceTree = "<group>"; };
		5A144E132043FCDC0093784A /* ViewController.h */ = {isa = PBXFileReference; lastKnownFileType = sourcecode.c.h; path = ViewController.h; sourceTree = "<group>"; };
		5A144E142043FCDC0093784A /* ViewController.m */ = {isa = PBXFileReference; lastKnownFileType = sourcecode.c.objc; path = ViewController.m; sourceTree = "<group>"; };
		5A144E172043FCDC0093784A /* Base */ = {isa = PBXFileReference; lastKnownFileType = file.storyboard; name = Base; path = Base.lproj/Main.storyboard; sourceTree = "<group>"; };
		5A144E1A2043FCDC0093784A /* MainProject.xcdatamodel */ = {isa = PBXFileReference; lastKnownFileType = wrapper.xcdatamodel; path = MainProject.xcdatamodel; sourceTree = "<group>"; };
		5A144E1C2043FCDC0093784A /* Assets.xcassets */ = {isa = PBXFileReference; lastKnownFileType = folder.assetcatalog; path = Assets.xcassets; sourceTree = "<group>"; };
		5A144E1F2043FCDC0093784A /* Base */ = {isa = PBXFileReference; lastKnownFileType = file.storyboard; name = Base; path = Base.lproj/LaunchScreen.storyboard; sourceTree = "<group>"; };
		5A144E212043FCDC0093784A /* Info.plist */ = {isa = PBXFileReference; lastKnownFileType = text.plist.xml; path = Info.plist; sourceTree = "<group>"; };
		5A144E222043FCDC0093784A /* main.m */ = {isa = PBXFileReference; lastKnownFileType = sourcecode.c.objc; path = main.m; sourceTree = "<group>"; };
		5A144E282043FCDD0093784A /* MainProjectTests.xctest */ = {isa = PBXFileReference; explicitFileType = wrapper.cfbundle; includeInIndex = 0; path = MainProjectTests.xctest; sourceTree = BUILT_PRODUCTS_DIR; };
		5A144E2C2043FCDD0093784A /* MainProjectTests.m */ = {isa = PBXFileReference; lastKnownFileType = sourcecode.c.objc; path = MainProjectTests.m; sourceTree = "<group>"; };
		5A144E2E2043FCDD0093784A /* Info.plist */ = {isa = PBXFileReference; lastKnownFileType = text.plist.xml; path = Info.plist; sourceTree = "<group>"; };
		5A5C002A204538F900D8DC81 /* TestFram.framework */ = {isa = PBXFileReference; lastKnownFileType = wrapper.framework; path = TestFram.framework; sourceTree = "<group>"; };
/* End PBXFileReference section */

/* Begin PBXFrameworksBuildPhase section */
		5A144E0A2043FCDC0093784A /* Frameworks */ = {
			isa = PBXFrameworksBuildPhase;
			buildActionMask = 2147483647;
			files = (
				5A5C002B204538F900D8DC81 /* TestFram.framework in Frameworks */,
			);
			runOnlyForDeploymentPostprocessing = 0;
		};
		5A144E252043FCDD0093784A /* Frameworks */ = {
			isa = PBXFrameworksBuildPhase;
			buildActionMask = 2147483647;
			files = (
			);
			runOnlyForDeploymentPostprocessing = 0;
		};
/* End PBXFrameworksBuildPhase section */

/* Begin PBXGroup section */
		5A144E042043FCDC0093784A = {
			isa = PBXGroup;
			children = (
				5A5C002A204538F900D8DC81 /* TestFram.framework */,
				5A144E0F2043FCDC0093784A /* MainProject */,
				5A144E2B2043FCDD0093784A /* MainProjectTests */,
				5A144E0E2043FCDC0093784A /* Products */,
				5A5CFFFC20450C5100D8DC81 /* Frameworks */,
			);
			sourceTree = "<group>";
		};
		5A144E0E2043FCDC0093784A /* Products */ = {
			isa = PBXGroup;
			children = (
				5A144E0D2043FCDC0093784A /* MainProject.app */,
				5A144E282043FCDD0093784A /* MainProjectTests.xctest */,
			);
			name = Products;
			sourceTree = "<group>";
		};
		5A144E0F2043FCDC0093784A /* MainProject */ = {
			isa = PBXGroup;
			children = (
				5A144E102043FCDC0093784A /* AppDelegate.h */,
				5A144E112043FCDC0093784A /* AppDelegate.m */,
				5A144E132043FCDC0093784A /* ViewController.h */,
				5A144E142043FCDC0093784A /* ViewController.m */,
				5A144E162043FCDC0093784A /* Main.storyboard */,
				5A144E1C2043FCDC0093784A /* Assets.xcassets */,
				5A144E1E2043FCDC0093784A /* LaunchScreen.storyboard */,
				5A144E212043FCDC0093784A /* Info.plist */,
				5A144E222043FCDC0093784A /* main.m */,
				5A144E192043FCDC0093784A /* MainProject.xcdatamodeld */,
			);
			path = MainProject;
			sourceTree = "<group>";
		};
		5A144E2B2043FCDD0093784A /* MainProjectTests */ = {
			isa = PBXGroup;
			children = (
				5A144E2C2043FCDD0093784A /* MainProjectTests.m */,
				5A144E2E2043FCDD0093784A /* Info.plist */,
			);
			path = MainProjectTests;
			sourceTree = "<group>";
		};
		5A5CFFFC20450C5100D8DC81 /* Frameworks */ = {
			isa = PBXGroup;
			children = (
			);
			name = Frameworks;
			sourceTree = "<group>";
		};
/* End PBXGroup section */

/* Begin PBXNativeTarget section */
		5A144E0C2043FCDC0093784A /* MainProject */ = {
			isa = PBXNativeTarget;
			buildConfigurationList = 5A144E312043FCDD0093784A /* Build configuration list for PBXNativeTarget "MainProject" */;
			buildPhases = (
				5A144E092043FCDC0093784A /* Sources */,
				5A144E0A2043FCDC0093784A /* Frameworks */,
				5A144E0B2043FCDC0093784A /* Resources */,
				5A5C000220450EA500D8DC81 /* Embed Frameworks */,
			);
			buildRules = (
			);
			dependencies = (
			);
			name = MainProject;
			productName = MainProject;
			productReference = 5A144E0D2043FCDC0093784A /* MainProject.app */;
			productType = "com.apple.product-type.application";
		};
		5A144E272043FCDD0093784A /* MainProjectTests */ = {
			isa = PBXNativeTarget;
			buildConfigurationList = 5A144E342043FCDD0093784A /* Build configuration list for PBXNativeTarget "MainProjectTests" */;
			buildPhases = (
				5A144E242043FCDD0093784A /* Sources */,
				5A144E252043FCDD0093784A /* Frameworks */,
				5A144E262043FCDD0093784A /* Resources */,
			);
			buildRules = (
			);
			dependencies = (
				5A144E2A2043FCDD0093784A /* PBXTargetDependency */,
			);
			name = MainProjectTests;
			productName = MainProjectTests;
			productReference = 5A144E282043FCDD0093784A /* MainProjectTests.xctest */;
			productType = "com.apple.product-type.bundle.unit-test";
		};
/* End PBXNativeTarget section */

/* Begin PBXProject section */
		5A144E052043FCDC0093784A /* Project object */ = {
			isa = PBXProject;
			attributes = {
				LastUpgradeCheck = 0920;
				ORGANIZATIONNAME = chitra;
				TargetAttributes = {
					5A144E0C2043FCDC0093784A = {
						CreatedOnToolsVersion = 9.2;
						ProvisioningStyle = Automatic;
					};
					5A144E272043FCDD0093784A = {
						CreatedOnToolsVersion = 9.2;
						ProvisioningStyle = Automatic;
						TestTargetID = 5A144E0C2043FCDC0093784A;
					};
				};
			};
			buildConfigurationList = 5A144E082043FCDC0093784A /* Build configuration list for PBXProject "MainProject" */;
			compatibilityVersion = "Xcode 8.0";
			developmentRegion = en;
			hasScannedForEncodings = 0;
			knownRegions = (
				en,
				Base,
			);
			mainGroup = 5A144E042043FCDC0093784A;
			productRefGroup = 5A144E0E2043FCDC0093784A /* Products */;
			projectDirPath = "";
			projectRoot = "";
			targets = (
				5A144E0C2043FCDC0093784A /* MainProject */,
				5A144E272043FCDD0093784A /* MainProjectTests */,
			);
		};
/* End PBXProject section */

/* Begin PBXResourcesBuildPhase section */
		5A144E0B2043FCDC0093784A /* Resources */ = {
			isa = PBXResourcesBuildPhase;
			buildActionMask = 2147483647;
			files = (
				5A144E202043FCDC0093784A /* LaunchScreen.storyboard in Resources */,
				5A144E1D2043FCDC0093784A /* Assets.xcassets in Resources */,
				5A144E182043FCDC0093784A /* Main.storyboard in Resources */,
			);
			runOnlyForDeploymentPostprocessing = 0;
		};
		5A144E262043FCDD0093784A /* Resources */ = {
			isa = PBXResourcesBuildPhase;
			buildActionMask = 2147483647;
			files = (
			);
			runOnlyForDeploymentPostprocessing = 0;
		};
/* End PBXResourcesBuildPhase section */

/* Begin PBXSourcesBuildPhase section */
		5A144E092043FCDC0093784A /* Sources */ = {
			isa = PBXSourcesBuildPhase;
			buildActionMask = 2147483647;
			files = (
				5A144E1B2043FCDC0093784A /* MainProject.xcdatamodeld in Sources */,
				5A144E152043FCDC0093784A /* ViewController.m in Sources */,
				5A144E232043FCDC0093784A /* main.m in Sources */,
				5A144E122043FCDC0093784A /* AppDelegate.m in Sources */,
			);
			runOnlyForDeploymentPostprocessing = 0;
		};
		5A144E242043FCDD0093784A /* Sources */ = {
			isa = PBXSourcesBuildPhase;
			buildActionMask = 2147483647;
			files = (
				5A144E2D2043FCDD0093784A /* MainProjectTests.m in Sources */,
			);
			runOnlyForDeploymentPostprocessing = 0;
		};
/* End PBXSourcesBuildPhase section */

/* Begin PBXTargetDependency section */
		5A144E2A2043FCDD0093784A /* PBXTargetDependency */ = {
			isa = PBXTargetDependency;
			target = 5A144E0C2043FCDC0093784A /* MainProject */;
			targetProxy = 5A144E292043FCDD0093784A /* PBXContainerItemProxy */;
		};
/* End PBXTargetDependency section */

/* Begin PBXVariantGroup section */
		5A144E162043FCDC0093784A /* Main.storyboard */ = {
			isa = PBXVariantGroup;
			children = (
				5A144E172043FCDC0093784A /* Base */,
			);
			name = Main.storyboard;
			sourceTree = "<group>";
		};
		5A144E1E2043FCDC0093784A /* LaunchScreen.storyboard */ = {
			isa = PBXVariantGroup;
			children = (
				5A144E1F2043FCDC0093784A /* Base */,
			);
			name = LaunchScreen.storyboard;
			sourceTree = "<group>";
		};
/* End PBXVariantGroup section */

/* Begin XCBuildConfiguration section */
		5A144E2F2043FCDD0093784A /* Debug */ = {
			isa = XCBuildConfiguration;
			buildSettings = {
				ALWAYS_SEARCH_USER_PATHS = NO;
				CLANG_ANALYZER_NONNULL = YES;
				CLANG_ANALYZER_NUMBER_OBJECT_CONVERSION = YES_AGGRESSIVE;
				CLANG_CXX_LANGUAGE_STANDARD = "gnu++14";
				CLANG_CXX_LIBRARY = "libc++";
				CLANG_ENABLE_MODULES = YES;
				CLANG_ENABLE_OBJC_ARC = YES;
				CLANG_WARN_BLOCK_CAPTURE_AUTORELEASING = YES;
				CLANG_WARN_BOOL_CONVERSION = YES;
				CLANG_WARN_COMMA = YES;
				CLANG_WARN_CONSTANT_CONVERSION = YES;
				CLANG_WARN_DIRECT_OBJC_ISA_USAGE = YES_ERROR;
				CLANG_WARN_DOCUMENTATION_COMMENTS = YES;
				CLANG_WARN_EMPTY_BODY = YES;
				CLANG_WARN_ENUM_CONVERSION = YES;
				CLANG_WARN_INFINITE_RECURSION = YES;
				CLANG_WARN_INT_CONVERSION = YES;
				CLANG_WARN_NON_LITERAL_NULL_CONVERSION = YES;
				CLANG_WARN_OBJC_LITERAL_CONVERSION = YES;
				CLANG_WARN_OBJC_ROOT_CLASS = YES_ERROR;
				CLANG_WARN_RANGE_LOOP_ANALYSIS = YES;
				CLANG_WARN_STRICT_PROTOTYPES = YES;
				CLANG_WARN_SUSPICIOUS_MOVE = YES;
				CLANG_WARN_UNGUARDED_AVAILABILITY = YES_AGGRESSIVE;
				CLANG_WARN_UNREACHABLE_CODE = YES;
				CLANG_WARN__DUPLICATE_METHOD_MATCH = YES;
				CODE_SIGN_IDENTITY = "iPhone Developer";
				COPY_PHASE_STRIP = NO;
				DEBUG_INFORMATION_FORMAT = dwarf;
				ENABLE_STRICT_OBJC_MSGSEND = YES;
				ENABLE_TESTABILITY = YES;
				GCC_C_LANGUAGE_STANDARD = gnu11;
				GCC_DYNAMIC_NO_PIC = NO;
				GCC_NO_COMMON_BLOCKS = YES;
				GCC_OPTIMIZATION_LEVEL = 0;
				GCC_PREPROCESSOR_DEFINITIONS = (
					"DEBUG=1",
					"$(inherited)",
				);
				GCC_WARN_64_TO_32_BIT_CONVERSION = YES;
				GCC_WARN_ABOUT_RETURN_TYPE = YES_ERROR;
				GCC_WARN_UNDECLARED_SELECTOR = YES;
				GCC_WARN_UNINITIALIZED_AUTOS = YES_AGGRESSIVE;
				GCC_WARN_UNUSED_FUNCTION = YES;
				GCC_WARN_UNUSED_VARIABLE = YES;
				IPHONEOS_DEPLOYMENT_TARGET = 11.2;
				MTL_ENABLE_DEBUG_INFO = YES;
				ONLY_ACTIVE_ARCH = YES;
				SDKROOT = iphoneos;
			};
			name = Debug;
		};
		5A144E302043FCDD0093784A /* Release */ = {
			isa = XCBuildConfiguration;
			buildSettings = {
				ALWAYS_SEARCH_USER_PATHS = NO;
				CLANG_ANALYZER_NONNULL = YES;
				CLANG_ANALYZER_NUMBER_OBJECT_CONVERSION = YES_AGGRESSIVE;
				CLANG_CXX_LANGUAGE_STANDARD = "gnu++14";
				CLANG_CXX_LIBRARY = "libc++";
				CLANG_ENABLE_MODULES = YES;
				CLANG_ENABLE_OBJC_ARC = YES;
				CLANG_WARN_BLOCK_CAPTURE_AUTORELEASING = YES;
				CLANG_WARN_BOOL_CONVERSION = YES;
				CLANG_WARN_COMMA = YES;
				CLANG_WARN_CONSTANT_CONVERSION = YES;
				CLANG_WARN_DIRECT_OBJC_ISA_USAGE = YES_ERROR;
				CLANG_WARN_DOCUMENTATION_COMMENTS = YES;
				CLANG_WARN_EMPTY_BODY = YES;
				CLANG_WARN_ENUM_CONVERSION = YES;
				CLANG_WARN_INFINITE_RECURSION = YES;
				CLANG_WARN_INT_CONVERSION = YES;
				CLANG_WARN_NON_LITERAL_NULL_CONVERSION = YES;
				CLANG_WARN_OBJC_LITERAL_CONVERSION = YES;
				CLANG_WARN_OBJC_ROOT_CLASS = YES_ERROR;
				CLANG_WARN_RANGE_LOOP_ANALYSIS = YES;
				CLANG_WARN_STRICT_PROTOTYPES = YES;
				CLANG_WARN_SUSPICIOUS_MOVE = YES;
				CLANG_WARN_UNGUARDED_AVAILABILITY = YES_AGGRESSIVE;
				CLANG_WARN_UNREACHABLE_CODE = YES;
				CLANG_WARN__DUPLICATE_METHOD_MATCH = YES;
				CODE_SIGN_IDENTITY = "iPhone Developer";
				COPY_PHASE_STRIP = NO;
				DEBUG_INFORMATION_FORMAT = "dwarf-with-dsym";
				ENABLE_NS_ASSERTIONS = NO;
				ENABLE_STRICT_OBJC_MSGSEND = YES;
				GCC_C_LANGUAGE_STANDARD = gnu11;
				GCC_NO_COMMON_BLOCKS = YES;
				GCC_WARN_64_TO_32_BIT_CONVERSION = YES;
				GCC_WARN_ABOUT_RETURN_TYPE = YES_ERROR;
				GCC_WARN_UNDECLARED_SELECTOR = YES;
				GCC_WARN_UNINITIALIZED_AUTOS = YES_AGGRESSIVE;
				GCC_WARN_UNUSED_FUNCTION = YES;
				GCC_WARN_UNUSED_VARIABLE = YES;
				IPHONEOS_DEPLOYMENT_TARGET = 11.2;
				MTL_ENABLE_DEBUG_INFO = NO;
				SDKROOT = iphoneos;
				VALIDATE_PRODUCT = YES;
			};
			name = Release;
		};
		5A144E322043FCDD0093784A /* Debug */ = {
			isa = XCBuildConfiguration;
			buildSettings = {
				ASSETCATALOG_COMPILER_APPICON_NAME = AppIcon;
				CODE_SIGN_STYLE = Automatic;
				DEVELOPMENT_TEAM = 7A9JA8PNZH;
				FRAMEWORK_SEARCH_PATHS = (
					"$(inherited)",
					"$(PROJECT_DIR)",
				);
				INFOPLIST_FILE = MainProject/Info.plist;
				LD_RUNPATH_SEARCH_PATHS = "$(inherited) @executable_path/Frameworks";
				PRODUCT_BUNDLE_IDENTIFIER = com.MainProject;
				PRODUCT_NAME = "$(TARGET_NAME)";
				TARGETED_DEVICE_FAMILY = "1,2";
			};
			name = Debug;
		};
		5A144E332043FCDD0093784A /* Release */ = {
			isa = XCBuildConfiguration;
			buildSettings = {
				ASSETCATALOG_COMPILER_APPICON_NAME = AppIcon;
				CODE_SIGN_STYLE = Automatic;
				DEVELOPMENT_TEAM = 7A9JA8PNZH;
				FRAMEWORK_SEARCH_PATHS = (
					"$(inherited)",
					"$(PROJECT_DIR)",
				);
				INFOPLIST_FILE = MainProject/Info.plist;
				LD_RUNPATH_SEARCH_PATHS = "$(inherited) @executable_path/Frameworks";
				PRODUCT_BUNDLE_IDENTIFIER = com.MainProject;
				PRODUCT_NAME = "$(TARGET_NAME)";
				TARGETED_DEVICE_FAMILY = "1,2";
			};
			name = Release;
		};
		5A144E352043FCDD0093784A /* Debug */ = {
			isa = XCBuildConfiguration;
			buildSettings = {
				BUNDLE_LOADER = "$(TEST_HOST)";
				CODE_SIGN_STYLE = Automatic;
				DEVELOPMENT_TEAM = R3Q753JPDW;
				INFOPLIST_FILE = MainProjectTests/Info.plist;
				LD_RUNPATH_SEARCH_PATHS = "$(inherited) @executable_path/Frameworks @loader_path/Frameworks";
				PRODUCT_BUNDLE_IDENTIFIER = com.MainProjectTests;
				PRODUCT_NAME = "$(TARGET_NAME)";
				TARGETED_DEVICE_FAMILY = "1,2";
				TEST_HOST = "$(BUILT_PRODUCTS_DIR)/MainProject.app/MainProject";
			};
			name = Debug;
		};
		5A144E362043FCDD0093784A /* Release */ = {
			isa = XCBuildConfiguration;
			buildSettings = {
				BUNDLE_LOADER = "$(TEST_HOST)";
				CODE_SIGN_STYLE = Automatic;
				DEVELOPMENT_TEAM = R3Q753JPDW;
				INFOPLIST_FILE = MainProjectTests/Info.plist;
				LD_RUNPATH_SEARCH_PATHS = "$(inherited) @executable_path/Frameworks @loader_path/Frameworks";
				PRODUCT_BUNDLE_IDENTIFIER = com.MainProjectTests;
				PRODUCT_NAME = "$(TARGET_NAME)";
				TARGETED_DEVICE_FAMILY = "1,2";
				TEST_HOST = "$(BUILT_PRODUCTS_DIR)/MainProject.app/MainProject";
			};
			name = Release;
		};
/* End XCBuildConfiguration section */

/* Begin XCConfigurationList section */
		5A144E082043FCDC0093784A /* Build configuration list for PBXProject "MainProject" */ = {
			isa = XCConfigurationList;
			buildConfigurations = (
				5A144E2F2043FCDD0093784A /* Debug */,
				5A144E302043FCDD0093784A /* Release */,
			);
			defaultConfigurationIsVisible = 0;
			defaultConfigurationName = Release;
		};
		5A144E312043FCDD0093784A /* Build configuration list for PBXNativeTarget "MainProject" */ = {
			isa = XCConfigurationList;
			buildConfigurations = (
				5A144E322043FCDD0093784A /* Debug */,
				5A144E332043FCDD0093784A /* Release */,
			);
			defaultConfigurationIsVisible = 0;
			defaultConfigurationName = Release;
		};
		5A144E342043FCDD0093784A /* Build configuration list for PBXNativeTarget "MainProjectTests" */ = {
			isa = XCConfigurationList;
			buildConfigurations = (
				5A144E352043FCDD0093784A /* Debug */,
				5A144E362043FCDD0093784A /* Release */,
			);
			defaultConfigurationIsVisible = 0;
			defaultConfigurationName = Release;
		};
/* End XCConfigurationList section */

/* Begin XCVersionGroup section */
		5A144E192043FCDC0093784A /* MainProject.xcdatamodeld */ = {
			isa = XCVersionGroup;
			children = (
				5A144E1A2043FCDC0093784A /* MainProject.xcdatamodel */,
			);
			currentVersion = 5A144E1A2043FCDC0093784A /* MainProject.xcdatamodel */;
			path = MainProject.xcdatamodeld;
			sourceTree = "<group>";
			versionGroupType = wrapper.xcdatamodel;
		};
/* End XCVersionGroup section */
	};
	rootObject = 5A144E052043FCDC0093784A /* Project object */;
}
